
Microsoft Visual Studio Solution File, Format Version 12.00
# Visual Studio Version 17
VisualStudioVersion = 17.8.34408.163
MinimumVisualStudioVersion = 10.0.40219.1
Project("{FAE04EC0-301F-11D3-BF4B-00C04F79EFBC}") = "AK_C#", "AK_C#.csproj", "{D5FA83B2-E440-4116-BC6A-4833293DEFA3}"
EndProject
Global
	GlobalSection(SolutionConfigurationPlatforms) = preSolution
		Debug|Any CPU = Debug|Any CPU
		Release|Any CPU = Release|Any CPU
	EndGlobalSection
	GlobalSection(ProjectConfigurationPlatforms) = postSolution
		{D5FA83B2-E440-4116-BC6A-4833293DEFA3}.Debug|Any CPU.ActiveCfg = Debug|Any CPU
		{D5FA83B2-E440-4116-BC6A-4833293DEFA3}.Debug|Any CPU.Build.0 = Debug|Any CPU
		{D5FA83B2-E440-4116-BC6A-4833293DEFA3}.Release|Any CPU.ActiveCfg = Release|Any CPU
		{D5FA83B2-E440-4116-BC6A-4833293DEFA3}.Release|Any CPU.Build.0 = Release|Any CPU
	EndGlobalSection
	GlobalSection(SolutionProperties) = preSolution
		HideSolutionNode = FALSE
	EndGlobalSection
	GlobalSection(ExtensibilityGlobals) = postSolution
		SolutionGuid = {2611D4D8-3688-443A-B632-3926F10D2CCC}
	EndGlobalSection
EndGlobal
